
Microsoft Visual Studio Solution File, Format Version 12.00
# Visual Studio Version 17
VisualStudioVersion = 17.4.33213.308
MinimumVisualStudioVersion = 10.0.40219.1
Project("{9A19103F-16F7-4668-BE54-9A1E7A4F7556}") = "Arrays", "Arrays\Arrays.csproj", "{BEBA22AF-E4A0-4239-8496-510979947196}"
EndProject
Project("{FAE04EC0-301F-11D3-BF4B-00C04F79EFBC}") = "Assignment3", "Assignment3\Assignment3.csproj", "{0B0C34FD-E536-4327-BCC5-1623851F3C0D}"
EndProject
Global
	GlobalSection(SolutionConfigurationPlatforms) = preSolution
		Debug|Any CPU = Debug|Any CPU
		Release|Any CPU = Release|Any CPU
	EndGlobalSection
	GlobalSection(ProjectConfigurationPlatforms) = postSolution
		{BEBA22AF-E4A0-4239-8496-510979947196}.Debug|Any CPU.ActiveCfg = Debug|Any CPU
		{BEBA22AF-E4A0-4239-8496-510979947196}.Debug|Any CPU.Build.0 = Debug|Any CPU
		{BEBA22AF-E4A0-4239-8496-510979947196}.Release|Any CPU.ActiveCfg = Release|Any CPU
		{BEBA22AF-E4A0-4239-8496-510979947196}.Release|Any CPU.Build.0 = Release|Any CPU
		{0B0C34FD-E536-4327-BCC5-1623851F3C0D}.Debug|Any CPU.ActiveCfg = Debug|Any CPU
		{0B0C34FD-E536-4327-BCC5-1623851F3C0D}.Debug|Any CPU.Build.0 = Debug|Any CPU
		{0B0C34FD-E536-4327-BCC5-1623851F3C0D}.Release|Any CPU.ActiveCfg = Release|Any CPU
		{0B0C34FD-E536-4327-BCC5-1623851F3C0D}.Release|Any CPU.Build.0 = Release|Any CPU
	EndGlobalSection
	GlobalSection(SolutionProperties) = preSolution
		HideSolutionNode = FALSE
	EndGlobalSection
	GlobalSection(ExtensibilityGlobals) = postSolution
		SolutionGuid = {318949E9-C198-4965-989C-C9EAB42E6FD6}
	EndGlobalSection
EndGlobal
